{
  "lockfileVersion": 1,
  "dependencies": {
    "encoding": {
      "version": "0.1.13",
      "resolved": "https://registry.npmjs.org/encoding/-/encoding-0.1.13.tgz",
      "integrity": "sha512-ETBauow1T35Y/WZMkio9jiM0Z5xjHHmJ4XmjZOq1l/dXz3lr2sRn87nJy20RupqSh1F2m3HHPSp8ShIPQJrJ3A=="
    },
    "form-urlencoded": {
      "version": "2.0.9",
      "resolved": "https://registry.npmjs.org/form-urlencoded/-/form-urlencoded-2.0.9.tgz",
      "integrity": "sha512-fWUzNiOnYa126vFAT6TFXd1mhJrvD8IqmQ9ilZPjkLYQfaRreBr5fIUoOpPlWtqaAG64nzoE7u5zSetifab9IA=="
    },
    "iconv-lite": {
      "version": "0.6.3",
      "resolved": "https://registry.npmjs.org/iconv-lite/-/iconv-lite-0.6.3.tgz",
      "integrity": "sha512-4fCk79wshMdzMp2rH06qWrJE4iolqLhCUH+OiuIgU++RB0+94NlDL81atO7GX55uUKueo0txHNtvEyI6D7WdMw=="
    },
    "is-plain-object": {
      "version": "2.0.4",
      "resolved": "https://registry.npmjs.org/is-plain-object/-/is-plain-object-2.0.4.tgz",
      "integrity": "sha512-h5PpgXkWitc38BBMYawTYMWJHFZJVnBquFE57xFpjB8pJFiF6gZ+bU+WyI/yqXiFR5mdLsgYNaPe8uao6Uv9Og=="
    },
    "is-stream": {
      "version": "1.1.0",
      "resolved": "https://registry.npmjs.org/is-stream/-/is-stream-1.1.0.tgz",
      "integrity": "sha512-uQPm8kcs47jx38atAcWTVxyltQYoPT68y9aWYdV6yWXSyW8mzSat0TL6CiWdZeCdF3KrAvpVtnHbTv4RN+rqdQ=="
    },
    "isobject": {
      "version": "3.0.1",
      "resolved": "https://registry.npmjs.org/isobject/-/isobject-3.0.1.tgz",
      "integrity": "sha512-WhB9zCku7EGTj/HQQRz5aUQEUeoQZH2bWcltRErOpymJ4boYE6wL9Tbr23krRPSZ+C5zqNSrSw+Cc7sZZ4b7vg=="
    },
    "isomorphic-fetch": {
      "version": "2.2.1",
      "resolved": "https://registry.npmjs.org/isomorphic-fetch/-/isomorphic-fetch-2.2.1.tgz",
      "integrity": "sha512-9c4TNAKYXM5PRyVcwUZrF3W09nQ+sO7+jydgs4ZGW9dhsLG2VOlISJABombdQqQRXCwuYG3sYV/puGf5rp0qmA=="
    },
    "jsonapi-datastore": {
      "version": "0.4.0-beta",
      "resolved": "https://registry.npmjs.org/jsonapi-datastore/-/jsonapi-datastore-0.4.0-beta.tgz",
      "integrity": "sha512-RkI3oL1Ww6HefMEVZXdBLmdVY/s4P5FlRzccyXb7QmsuyTQqYDXgI8QN6Py8QJRZF05f4b4gecdeBz/oTOgRVA=="
    },
    "node-fetch": {
      "version": "1.7.3",
      "resolved": "https://registry.npmjs.org/node-fetch/-/node-fetch-1.7.3.tgz",
      "integrity": "sha512-NhZ4CsKx7cYm2vSrBAr2PvFOe6sWDf0UYLRqA6svUYg7+/TSfVAu49jYC4BvQ4Sms9SZgdqGBgroqfDhJdTyKQ=="
    },
    "patreon": {
      "version": "0.4.1",
      "resolved": "https://registry.npmjs.org/patreon/-/patreon-0.4.1.tgz",
      "integrity": "sha512-aLhjx4rg2BArTq0Kg61MrM4dkJnTQ9kPN8F6a2IlQoYVEtIH7kUK/dprClTx+QYQKlXMfKksN9NCux1YarQJsQ=="
    },
    "safer-buffer": {
      "version": "2.1.2",
      "resolved": "https://registry.npmjs.org/safer-buffer/-/safer-buffer-2.1.2.tgz",
      "integrity": "sha512-YZo3K82SD7Riyi0E1EQPojLz7kpepnSQI9IyPbHHg1XXXevb5dJI7tpyN2ADxGcQbHG7vcyRHk0cbwqcQriUtg=="
    },
    "whatwg-fetch": {
      "version": "3.6.2",
      "resolved": "https://registry.npmjs.org/whatwg-fetch/-/whatwg-fetch-3.6.2.tgz",
      "integrity": "sha512-bJlen0FcuU/0EMLrdbJ7zOnW6ITZLrZMIarMUVmdKtsGvZna8vxKYaexICWPfZ8qwf9fzNq+UEIZrnSaApt6RA=="
    }
  }
}
