{
  "lockfileVersion": 1,
  "dependencies": {
    "barycentric": {
      "version": "1.0.1",
      "resolved": "https://registry.npmjs.org/barycentric/-/barycentric-1.0.1.tgz",
      "integrity": "sha1-8VYruJGyb0/sRjqC7to2V4AOxog="
    },
    "delaunator": {
      "version": "3.0.2",
      "resolved": "https://registry.npmjs.org/delaunator/-/delaunator-3.0.2.tgz",
      "integrity": "sha512-GNSex8jhF1mcqtNAMYvdZ6Ng7YieYNlbOq2xshyZhLc98P8y5O7Vm6buw4A60wGOd9qvK9RcIMm5qoe4PncAPw=="
    },
    "robust-compress": {
      "version": "1.0.0",
      "resolved": "https://registry.npmjs.org/robust-compress/-/robust-compress-1.0.0.tgz",
      "integrity": "sha1-TPYsSzGNgwhRYBK7jBF1Lzkymxs="
    },
    "robust-determinant": {
      "version": "1.1.0",
      "resolved": "https://registry.npmjs.org/robust-determinant/-/robust-determinant-1.1.0.tgz",
      "integrity": "sha1-jsrnm3nKqz509t6+IjflORon6cc="
    },
    "robust-linear-solve": {
      "version": "1.0.0",
      "resolved": "https://registry.npmjs.org/robust-linear-solve/-/robust-linear-solve-1.0.0.tgz",
      "integrity": "sha1-DNasUEBpGm8qo81jEdcokFyjofE="
    },
    "robust-scale": {
      "version": "1.0.2",
      "resolved": "https://registry.npmjs.org/robust-scale/-/robust-scale-1.0.2.tgz",
      "integrity": "sha1-d1Ey7QlULQKOWLLMecBikLz3jDI="
    },
    "robust-sum": {
      "version": "1.0.0",
      "resolved": "https://registry.npmjs.org/robust-sum/-/robust-sum-1.0.0.tgz",
      "integrity": "sha1-FmRuUlKStNJdgnV6KGlV4Lv6U9k="
    },
    "two-product": {
      "version": "1.0.2",
      "resolved": "https://registry.npmjs.org/two-product/-/two-product-1.0.2.tgz",
      "integrity": "sha1-Z9ldSyV6kh4stL16+VEfkIhSLqo="
    },
    "two-sum": {
      "version": "1.0.0",
      "resolved": "https://registry.npmjs.org/two-sum/-/two-sum-1.0.0.tgz",
      "integrity": "sha1-MdPzIjnk9zHsqd+RVeKyl/AIq2Q="
    }
  }
}
