{
  "lockfileVersion": 1,
  "dependencies": {
    "validate-vat": {
      "version": "0.9.0",
      "resolved": "https://registry.npmjs.org/validate-vat/-/validate-vat-0.9.0.tgz",
      "integrity": "sha512-Lbi+g3NAG/v3KHNk912soN4XrIN0GFY9tDtUzzu9MVuJ2zd5MnLJ0OQGol1eqgu71z0dJCDdA+n9oqbxPpzlGw=="
    }
  }
}
