{
  "lockfileVersion": 1,
  "dependencies": {
    "fast-diff": {
      "version": "1.2.0",
      "resolved": "https://registry.npmjs.org/fast-diff/-/fast-diff-1.2.0.tgz",
      "integrity": "sha512-xJuoT5+L99XlZ8twedaRf6Ax2TgQVxvgZOYoPKqZufmJib0tL2tegPBOZb1pVNgIhlqDlA0eO0c3wBvQcmzx4w=="
    },
    "lodash.clonedeep": {
      "version": "4.5.0",
      "resolved": "https://registry.npmjs.org/lodash.clonedeep/-/lodash.clonedeep-4.5.0.tgz",
      "integrity": "sha1-4j8/nE+Pvd6HJSnBBxhXoIblzO8="
    },
    "lodash.isequal": {
      "version": "4.5.0",
      "resolved": "https://registry.npmjs.org/lodash.isequal/-/lodash.isequal-4.5.0.tgz",
      "integrity": "sha1-QVxEePK8wwEgwizhDtMib30+GOA="
    },
    "pngjs": {
      "version": "2.3.0",
      "resolved": "https://registry.npmjs.org/pngjs/-/pngjs-2.3.0.tgz",
      "integrity": "sha1-lTb5eGDs0HQwP4ri2xrSL84luFA="
    },
    "quill-delta": {
      "version": "4.2.2",
      "resolved": "https://registry.npmjs.org/quill-delta/-/quill-delta-4.2.2.tgz",
      "integrity": "sha512-qjbn82b/yJzOjstBgkhtBjN2TNK+ZHP/BgUQO+j6bRhWQQdmj2lH6hXG7+nwwLF41Xgn//7/83lxs9n2BkTtTg=="
    }
  }
}
